// !$*UTF8*$!
{
	archiveVersion = 1;
	classes = {
	};
	objectVersion = 50;
	objects = {

/* Begin PBXBuildFile section */
		1F20A6C1244DFE170076074B /* MessageService.swift in Sources */ = {isa = PBXBuildFile; fileRef = 1F20A6C0244DFE170076074B /* MessageService.swift */; };
		1F20A6C3244DFE470076074B /* Channel.swift in Sources */ = {isa = PBXBuildFile; fileRef = 1F20A6C2244DFE470076074B /* Channel.swift */; };
		1F3951092448875B00C65DDE /* AuthService.swift in Sources */ = {isa = PBXBuildFile; fileRef = 1F3951082448875B00C65DDE /* AuthService.swift */; };
		1F6577C424460A3300035B2C /* ChatVC.swift in Sources */ = {isa = PBXBuildFile; fileRef = 1F6577C324460A3300035B2C /* ChatVC.swift */; };
		1F6577C624460A5100035B2C /* ChannelVC.swift in Sources */ = {isa = PBXBuildFile; fileRef = 1F6577C524460A5100035B2C /* ChannelVC.swift */; };
		1F6577C824460FE800035B2C /* GradientView.swift in Sources */ = {isa = PBXBuildFile; fileRef = 1F6577C724460FE800035B2C /* GradientView.swift */; };
		1F737CFF2449F63A006B8C7D /* AvatarPickerVC.swift in Sources */ = {isa = PBXBuildFile; fileRef = 1F737CFE2449F63A006B8C7D /* AvatarPickerVC.swift */; };
		1F737D012449F81A006B8C7D /* AvatarCell.swift in Sources */ = {isa = PBXBuildFile; fileRef = 1F737D002449F81A006B8C7D /* AvatarCell.swift */; };
		1F75C72024462060009B830F /* Constants.swift in Sources */ = {isa = PBXBuildFile; fileRef = 1F75C71F24462060009B830F /* Constants.swift */; };
		1F75C72224462658009B830F /* LoginVC.swift in Sources */ = {isa = PBXBuildFile; fileRef = 1F75C72124462658009B830F /* LoginVC.swift */; };
		1F75C72424462885009B830F /* CreateAccountVC.swift in Sources */ = {isa = PBXBuildFile; fileRef = 1F75C72324462885009B830F /* CreateAccountVC.swift */; };
		1FC08E922449BF7400C21CCB /* UserDataService.swift in Sources */ = {isa = PBXBuildFile; fileRef = 1FC08E912449BF7400C21CCB /* UserDataService.swift */; };
		1FC9FADD244DACF100458FD6 /* CircleImage.swift in Sources */ = {isa = PBXBuildFile; fileRef = 1FC9FADC244DACF100458FD6 /* CircleImage.swift */; };
		1FC9FAE0244DBE0000458FD6 /* ProfileVC.swift in Sources */ = {isa = PBXBuildFile; fileRef = 1FC9FADE244DBE0000458FD6 /* ProfileVC.swift */; };
		1FC9FAE1244DBE0000458FD6 /* ProfileVC.xib in Resources */ = {isa = PBXBuildFile; fileRef = 1FC9FADF244DBE0000458FD6 /* ProfileVC.xib */; };
		1FF16C2A2445D390006548CA /* AppDelegate.swift in Sources */ = {isa = PBXBuildFile; fileRef = 1FF16C292445D390006548CA /* AppDelegate.swift */; };
		1FF16C2C2445D390006548CA /* SceneDelegate.swift in Sources */ = {isa = PBXBuildFile; fileRef = 1FF16C2B2445D390006548CA /* SceneDelegate.swift */; };
		1FF16C312445D390006548CA /* Main.storyboard in Resources */ = {isa = PBXBuildFile; fileRef = 1FF16C2F2445D390006548CA /* Main.storyboard */; };
		1FF16C332445D391006548CA /* Assets.xcassets in Resources */ = {isa = PBXBuildFile; fileRef = 1FF16C322445D391006548CA /* Assets.xcassets */; };
		1FF16C362445D392006548CA /* LaunchScreen.storyboard in Resources */ = {isa = PBXBuildFile; fileRef = 1FF16C342445D392006548CA /* LaunchScreen.storyboard */; };
		1FFA80912445DB5600DA221B /* SWRevealViewController.m in Sources */ = {isa = PBXBuildFile; fileRef = 1FFA80902445DB5600DA221B /* SWRevealViewController.m */; };
		1FFE6B8524489C270050271F /* RoundedButton.swift in Sources */ = {isa = PBXBuildFile; fileRef = 1FFE6B8424489C270050271F /* RoundedButton.swift */; };
		67A5B107BEF59703937BABB2 /* Pods_Smack.framework in Frameworks */ = {isa = PBXBuildFile; fileRef = 392A90911C48D06505E973FC /* Pods_Smack.framework */; };
/* End PBXBuildFile section */

/* Begin PBXFileReference section */
		1F20A6C0244DFE170076074B /* MessageService.swift */ = {isa = PBXFileReference; lastKnownFileType = sourcecode.swift; path = MessageService.swift; sourceTree = "<group>"; };
		1F20A6C2244DFE470076074B /* Channel.swift */ = {isa = PBXFileReference; lastKnownFileType = sourcecode.swift; path = Channel.swift; sourceTree = "<group>"; };
		1F3951082448875B00C65DDE /* AuthService.swift */ = {isa = PBXFileReference; lastKnownFileType = sourcecode.swift; path = AuthService.swift; sourceTree = "<group>"; };
		1F6577C324460A3300035B2C /* ChatVC.swift */ = {isa = PBXFileReference; lastKnownFileType = sourcecode.swift; path = ChatVC.swift; sourceTree = "<group>"; };
		1F6577C524460A5100035B2C /* ChannelVC.swift */ = {isa = PBXFileReference; lastKnownFileType = sourcecode.swift; path = ChannelVC.swift; sourceTree = "<group>"; };
		1F6577C724460FE800035B2C /* GradientView.swift */ = {isa = PBXFileReference; lastKnownFileType = sourcecode.swift; path = GradientView.swift; sourceTree = "<group>"; };
		1F737CFE2449F63A006B8C7D /* AvatarPickerVC.swift */ = {isa = PBXFileReference; lastKnownFileType = sourcecode.swift; path = AvatarPickerVC.swift; sourceTree = "<group>"; };
		1F737D002449F81A006B8C7D /* AvatarCell.swift */ = {isa = PBXFileReference; lastKnownFileType = sourcecode.swift; path = AvatarCell.swift; sourceTree = "<group>"; };
		1F75C71F24462060009B830F /* Constants.swift */ = {isa = PBXFileReference; lastKnownFileType = sourcecode.swift; path = Constants.swift; sourceTree = "<group>"; };
		1F75C72124462658009B830F /* LoginVC.swift */ = {isa = PBXFileReference; lastKnownFileType = sourcecode.swift; path = LoginVC.swift; sourceTree = "<group>"; };
		1F75C72324462885009B830F /* CreateAccountVC.swift */ = {isa = PBXFileReference; lastKnownFileType = sourcecode.swift; path = CreateAccountVC.swift; sourceTree = "<group>"; };
		1FC08E912449BF7400C21CCB /* UserDataService.swift */ = {isa = PBXFileReference; lastKnownFileType = sourcecode.swift; path = UserDataService.swift; sourceTree = "<group>"; };
		1FC9FADC244DACF100458FD6 /* CircleImage.swift */ = {isa = PBXFileReference; lastKnownFileType = sourcecode.swift; path = CircleImage.swift; sourceTree = "<group>"; };
		1FC9FADE244DBE0000458FD6 /* ProfileVC.swift */ = {isa = PBXFileReference; lastKnownFileType = sourcecode.swift; path = ProfileVC.swift; sourceTree = "<group>"; };
		1FC9FADF244DBE0000458FD6 /* ProfileVC.xib */ = {isa = PBXFileReference; lastKnownFileType = file.xib; path = ProfileVC.xib; sourceTree = "<group>"; };
		1FF16C262445D390006548CA /* Smack.app */ = {isa = PBXFileReference; explicitFileType = wrapper.application; includeInIndex = 0; path = Smack.app; sourceTree = BUILT_PRODUCTS_DIR; };
		1FF16C292445D390006548CA /* AppDelegate.swift */ = {isa = PBXFileReference; lastKnownFileType = sourcecode.swift; path = AppDelegate.swift; sourceTree = "<group>"; };
		1FF16C2B2445D390006548CA /* SceneDelegate.swift */ = {isa = PBXFileReference; lastKnownFileType = sourcecode.swift; path = SceneDelegate.swift; sourceTree = "<group>"; };
		1FF16C302445D390006548CA /* Base */ = {isa = PBXFileReference; lastKnownFileType = file.storyboard; name = Base; path = Base.lproj/Main.storyboard; sourceTree = "<group>"; };
		1FF16C322445D391006548CA /* Assets.xcassets */ = {isa = PBXFileReference; lastKnownFileType = folder.assetcatalog; path = Assets.xcassets; sourceTree = "<group>"; };
		1FF16C352445D392006548CA /* Base */ = {isa = PBXFileReference; lastKnownFileType = file.storyboard; name = Base; path = Base.lproj/LaunchScreen.storyboard; sourceTree = "<group>"; };
		1FF16C372445D392006548CA /* Info.plist */ = {isa = PBXFileReference; lastKnownFileType = text.plist.xml; path = Info.plist; sourceTree = "<group>"; };
		1FFA808E2445DB5500DA221B /* Smack-Bridging-Header.h */ = {isa = PBXFileReference; lastKnownFileType = sourcecode.c.h; path = "Smack-Bridging-Header.h"; sourceTree = "<group>"; };
		1FFA808F2445DB5600DA221B /* SWRevealViewController.h */ = {isa = PBXFileReference; fileEncoding = 4; lastKnownFileType = sourcecode.c.h; path = SWRevealViewController.h; sourceTree = "<group>"; };
		1FFA80902445DB5600DA221B /* SWRevealViewController.m */ = {isa = PBXFileReference; fileEncoding = 4; lastKnownFileType = sourcecode.c.objc; path = SWRevealViewController.m; sourceTree = "<group>"; };
		1FFE6B8424489C270050271F /* RoundedButton.swift */ = {isa = PBXFileReference; lastKnownFileType = sourcecode.swift; path = RoundedButton.swift; sourceTree = "<group>"; };
		392A90911C48D06505E973FC /* Pods_Smack.framework */ = {isa = PBXFileReference; explicitFileType = wrapper.framework; includeInIndex = 0; path = Pods_Smack.framework; sourceTree = BUILT_PRODUCTS_DIR; };
		CC264E62951AE5E9FB66F676 /* Pods-Smack.debug.xcconfig */ = {isa = PBXFileReference; includeInIndex = 1; lastKnownFileType = text.xcconfig; name = "Pods-Smack.debug.xcconfig"; path = "Pods/Target Support Files/Pods-Smack/Pods-Smack.debug.xcconfig"; sourceTree = "<group>"; };
		E1DD1122B562694DE3E53FDF /* Pods-Smack.release.xcconfig */ = {isa = PBXFileReference; includeInIndex = 1; lastKnownFileType = text.xcconfig; name = "Pods-Smack.release.xcconfig"; path = "Pods/Target Support Files/Pods-Smack/Pods-Smack.release.xcconfig"; sourceTree = "<group>"; };
/* End PBXFileReference section */

/* Begin PBXFrameworksBuildPhase section */
		1FF16C232445D390006548CA /* Frameworks */ = {
			isa = PBXFrameworksBuildPhase;
			buildActionMask = 2147483647;
			files = (
				67A5B107BEF59703937BABB2 /* Pods_Smack.framework in Frameworks */,
			);
			runOnlyForDeploymentPostprocessing = 0;
		};
/* End PBXFrameworksBuildPhase section */

/* Begin PBXGroup section */
		1F3951072448874400C65DDE /* Services */ = {
			isa = PBXGroup;
			children = (
				1F3951082448875B00C65DDE /* AuthService.swift */,
				1FC08E912449BF7400C21CCB /* UserDataService.swift */,
				1F20A6C0244DFE170076074B /* MessageService.swift */,
			);
			path = Services;
			sourceTree = "<group>";
		};
		1F75C71E2446203D009B830F /* Utilities */ = {
			isa = PBXGroup;
			children = (
				1F75C71F24462060009B830F /* Constants.swift */,
				1FC9FADF244DBE0000458FD6 /* ProfileVC.xib */,
			);
			path = Utilities;
			sourceTree = "<group>";
		};
		1FC9FAE2244DBE2200458FD6 /* XIB */ = {
			isa = PBXGroup;
			children = (
			);
			path = XIB;
			sourceTree = "<group>";
		};
		1FF16C1D2445D390006548CA = {
			isa = PBXGroup;
			children = (
				1FF16C282445D390006548CA /* Smack */,
				1FF16C272445D390006548CA /* Products */,
				794D4A5E664B0DAE4B5ACC39 /* Pods */,
				9B1890F41FEB520F951DA240 /* Frameworks */,
			);
			sourceTree = "<group>";
		};
		1FF16C272445D390006548CA /* Products */ = {
			isa = PBXGroup;
			children = (
				1FF16C262445D390006548CA /* Smack.app */,
			);
			name = Products;
			sourceTree = "<group>";
		};
		1FF16C282445D390006548CA /* Smack */ = {
			isa = PBXGroup;
			children = (
				1FC9FAE2244DBE2200458FD6 /* XIB */,
				1F3951072448874400C65DDE /* Services */,
				1F75C71E2446203D009B830F /* Utilities */,
				1FFA808D2445DB4A00DA221B /* Helpers */,
				1FFA808C2445DB4500DA221B /* Model */,
				1FFA808A2445DB3A00DA221B /* View */,
				1FFA80892445DB3300DA221B /* Controller */,
				1FF16C292445D390006548CA /* AppDelegate.swift */,
				1FF16C2B2445D390006548CA /* SceneDelegate.swift */,
				1FF16C322445D391006548CA /* Assets.xcassets */,
				1FF16C342445D392006548CA /* LaunchScreen.storyboard */,
				1FF16C372445D392006548CA /* Info.plist */,
			);
			path = Smack;
			sourceTree = "<group>";
		};
		1FFA80892445DB3300DA221B /* Controller */ = {
			isa = PBXGroup;
			children = (
				1F6577C324460A3300035B2C /* ChatVC.swift */,
				1F6577C524460A5100035B2C /* ChannelVC.swift */,
				1F75C72124462658009B830F /* LoginVC.swift */,
				1F75C72324462885009B830F /* CreateAccountVC.swift */,
				1F737CFE2449F63A006B8C7D /* AvatarPickerVC.swift */,
				1FC9FADE244DBE0000458FD6 /* ProfileVC.swift */,
			);
			path = Controller;
			sourceTree = "<group>";
		};
		1FFA808A2445DB3A00DA221B /* View */ = {
			isa = PBXGroup;
			children = (
				1FF16C2F2445D390006548CA /* Main.storyboard */,
				1F6577C724460FE800035B2C /* GradientView.swift */,
				1FFE6B8424489C270050271F /* RoundedButton.swift */,
				1F737D002449F81A006B8C7D /* AvatarCell.swift */,
				1FC9FADC244DACF100458FD6 /* CircleImage.swift */,
			);
			path = View;
			sourceTree = "<group>";
		};
		1FFA808C2445DB4500DA221B /* Model */ = {
			isa = PBXGroup;
			children = (
				1F20A6C2244DFE470076074B /* Channel.swift */,
			);
			path = Model;
			sourceTree = "<group>";
		};
		1FFA808D2445DB4A00DA221B /* Helpers */ = {
			isa = PBXGroup;
			children = (
				1FFA808F2445DB5600DA221B /* SWRevealViewController.h */,
				1FFA80902445DB5600DA221B /* SWRevealViewController.m */,
				1FFA808E2445DB5500DA221B /* Smack-Bridging-Header.h */,
			);
			path = Helpers;
			sourceTree = "<group>";
		};
		794D4A5E664B0DAE4B5ACC39 /* Pods */ = {
			isa = PBXGroup;
			children = (
				CC264E62951AE5E9FB66F676 /* Pods-Smack.debug.xcconfig */,
				E1DD1122B562694DE3E53FDF /* Pods-Smack.release.xcconfig */,
			);
			name = Pods;
			sourceTree = "<group>";
		};
		9B1890F41FEB520F951DA240 /* Frameworks */ = {
			isa = PBXGroup;
			children = (
				392A90911C48D06505E973FC /* Pods_Smack.framework */,
			);
			name = Frameworks;
			sourceTree = "<group>";
		};
/* End PBXGroup section */

/* Begin PBXNativeTarget section */
		1FF16C252445D390006548CA /* Smack */ = {
			isa = PBXNativeTarget;
			buildConfigurationList = 1FF16C3A2445D392006548CA /* Build configuration list for PBXNativeTarget "Smack" */;
			buildPhases = (
				EEB672C62BD3F8F9A2566D2E /* [CP] Check Pods Manifest.lock */,
				1FF16C222445D390006548CA /* Sources */,
				1FF16C232445D390006548CA /* Frameworks */,
				1FF16C242445D390006548CA /* Resources */,
				856EF8FC6D7D9D36521ECFD3 /* [CP] Embed Pods Frameworks */,
			);
			buildRules = (
			);
			dependencies = (
			);
			name = Smack;
			productName = Smack;
			productReference = 1FF16C262445D390006548CA /* Smack.app */;
			productType = "com.apple.product-type.application";
		};
/* End PBXNativeTarget section */

/* Begin PBXProject section */
		1FF16C1E2445D390006548CA /* Project object */ = {
			isa = PBXProject;
			attributes = {
				LastSwiftUpdateCheck = 1140;
				LastUpgradeCheck = 1140;
				ORGANIZATIONNAME = "Raivis Olehno";
				TargetAttributes = {
					1FF16C252445D390006548CA = {
						CreatedOnToolsVersion = 11.4;
						LastSwiftMigration = 1140;
					};
				};
			};
			buildConfigurationList = 1FF16C212445D390006548CA /* Build configuration list for PBXProject "Smack" */;
			compatibilityVersion = "Xcode 9.3";
			developmentRegion = en;
			hasScannedForEncodings = 0;
			knownRegions = (
				en,
				Base,
			);
			mainGroup = 1FF16C1D2445D390006548CA;
			productRefGroup = 1FF16C272445D390006548CA /* Products */;
			projectDirPath = "";
			projectRoot = "";
			targets = (
				1FF16C252445D390006548CA /* Smack */,
			);
		};
/* End PBXProject section */

/* Begin PBXResourcesBuildPhase section */
		1FF16C242445D390006548CA /* Resources */ = {
			isa = PBXResourcesBuildPhase;
			buildActionMask = 2147483647;
			files = (
				1FC9FAE1244DBE0000458FD6 /* ProfileVC.xib in Resources */,
				1FF16C362445D392006548CA /* LaunchScreen.storyboard in Resources */,
				1FF16C332445D391006548CA /* Assets.xcassets in Resources */,
				1FF16C312445D390006548CA /* Main.storyboard in Resources */,
			);
			runOnlyForDeploymentPostprocessing = 0;
		};
/* End PBXResourcesBuildPhase section */

/* Begin PBXShellScriptBuildPhase section */
		856EF8FC6D7D9D36521ECFD3 /* [CP] Embed Pods Frameworks */ = {
			isa = PBXShellScriptBuildPhase;
			buildActionMask = 2147483647;
			files = (
			);
			inputPaths = (
				"${SRCROOT}/Pods/Target Support Files/Pods-Smack/Pods-Smack-frameworks.sh",
				"${BUILT_PRODUCTS_DIR}/Alamofire/Alamofire.framework",
				"${BUILT_PRODUCTS_DIR}/Socket.IO-Client-Swift/SocketIO.framework",
				"${BUILT_PRODUCTS_DIR}/Starscream/Starscream.framework",
				"${BUILT_PRODUCTS_DIR}/SwiftyJSON/SwiftyJSON.framework",
			);
			name = "[CP] Embed Pods Frameworks";
			outputPaths = (
				"${TARGET_BUILD_DIR}/${FRAMEWORKS_FOLDER_PATH}/Alamofire.framework",
				"${TARGET_BUILD_DIR}/${FRAMEWORKS_FOLDER_PATH}/SocketIO.framework",
				"${TARGET_BUILD_DIR}/${FRAMEWORKS_FOLDER_PATH}/Starscream.framework",
				"${TARGET_BUILD_DIR}/${FRAMEWORKS_FOLDER_PATH}/SwiftyJSON.framework",
			);
			runOnlyForDeploymentPostprocessing = 0;
			shellPath = /bin/sh;
			shellScript = "\"${SRCROOT}/Pods/Target Support Files/Pods-Smack/Pods-Smack-frameworks.sh\"\n";
			showEnvVarsInLog = 0;
		};
		EEB672C62BD3F8F9A2566D2E /* [CP] Check Pods Manifest.lock */ = {
			isa = PBXShellScriptBuildPhase;
			buildActionMask = 2147483647;
			files = (
			);
			inputPaths = (
				"${PODS_PODFILE_DIR_PATH}/Podfile.lock",
				"${PODS_ROOT}/Manifest.lock",
			);
			name = "[CP] Check Pods Manifest.lock";
			outputPaths = (
				"$(DERIVED_FILE_DIR)/Pods-Smack-checkManifestLockResult.txt",
			);
			runOnlyForDeploymentPostprocessing = 0;
			shellPath = /bin/sh;
			shellScript = "diff \"${PODS_PODFILE_DIR_PATH}/Podfile.lock\" \"${PODS_ROOT}/Manifest.lock\" > /dev/null\nif [ $? != 0 ] ; then\n    # print error to STDERR\n    echo \"error: The sandbox is not in sync with the Podfile.lock. Run 'pod install' or update your CocoaPods installation.\" >&2\n    exit 1\nfi\n# This output is used by Xcode 'outputs' to avoid re-running this script phase.\necho \"SUCCESS\" > \"${SCRIPT_OUTPUT_FILE_0}\"\n";
			showEnvVarsInLog = 0;
		};
/* End PBXShellScriptBuildPhase section */

/* Begin PBXSourcesBuildPhase section */
		1FF16C222445D390006548CA /* Sources */ = {
			isa = PBXSourcesBuildPhase;
			buildActionMask = 2147483647;
			files = (
				1F6577C424460A3300035B2C /* ChatVC.swift in Sources */,
				1FF16C2A2445D390006548CA /* AppDelegate.swift in Sources */,
				1F737D012449F81A006B8C7D /* AvatarCell.swift in Sources */,
				1F75C72224462658009B830F /* LoginVC.swift in Sources */,
				1FC9FAE0244DBE0000458FD6 /* ProfileVC.swift in Sources */,
				1F6577C824460FE800035B2C /* GradientView.swift in Sources */,
				1F20A6C1244DFE170076074B /* MessageService.swift in Sources */,
				1F20A6C3244DFE470076074B /* Channel.swift in Sources */,
				1FF16C2C2445D390006548CA /* SceneDelegate.swift in Sources */,
				1F75C72424462885009B830F /* CreateAccountVC.swift in Sources */,
				1FC08E922449BF7400C21CCB /* UserDataService.swift in Sources */,
				1FFE6B8524489C270050271F /* RoundedButton.swift in Sources */,
				1F75C72024462060009B830F /* Constants.swift in Sources */,
				1F3951092448875B00C65DDE /* AuthService.swift in Sources */,
				1FFA80912445DB5600DA221B /* SWRevealViewController.m in Sources */,
				1F6577C624460A5100035B2C /* ChannelVC.swift in Sources */,
				1F737CFF2449F63A006B8C7D /* AvatarPickerVC.swift in Sources */,
				1FC9FADD244DACF100458FD6 /* CircleImage.swift in Sources */,
			);
			runOnlyForDeploymentPostprocessing = 0;
		};
/* End PBXSourcesBuildPhase section */

/* Begin PBXVariantGroup section */
		1FF16C2F2445D390006548CA /* Main.storyboard */ = {
			isa = PBXVariantGroup;
			children = (
				1FF16C302445D390006548CA /* Base */,
			);
			name = Main.storyboard;
			sourceTree = "<group>";
		};
		1FF16C342445D392006548CA /* LaunchScreen.storyboard */ = {
			isa = PBXVariantGroup;
			children = (
				1FF16C352445D392006548CA /* Base */,
			);
			name = LaunchScreen.storyboard;
			sourceTree = "<group>";
		};
/* End PBXVariantGroup section */

/* Begin XCBuildConfiguration section */
		1FF16C382445D392006548CA /* Debug */ = {
			isa = XCBuildConfiguration;
			buildSettings = {
				ALWAYS_SEARCH_USER_PATHS = NO;
				CLANG_ANALYZER_NONNULL = YES;
				CLANG_ANALYZER_NUMBER_OBJECT_CONVERSION = YES_AGGRESSIVE;
				CLANG_CXX_LANGUAGE_STANDARD = "gnu++14";
				CLANG_CXX_LIBRARY = "libc++";
				CLANG_ENABLE_MODULES = YES;
				CLANG_ENABLE_OBJC_ARC = YES;
				CLANG_ENABLE_OBJC_WEAK = YES;
				CLANG_WARN_BLOCK_CAPTURE_AUTORELEASING = YES;
				CLANG_WARN_BOOL_CONVERSION = YES;
				CLANG_WARN_COMMA = YES;
				CLANG_WARN_CONSTANT_CONVERSION = YES;
				CLANG_WARN_DEPRECATED_OBJC_IMPLEMENTATIONS = YES;
				CLANG_WARN_DIRECT_OBJC_ISA_USAGE = YES_ERROR;
				CLANG_WARN_DOCUMENTATION_COMMENTS = YES;
				CLANG_WARN_EMPTY_BODY = YES;
				CLANG_WARN_ENUM_CONVERSION = YES;
				CLANG_WARN_INFINITE_RECURSION = YES;
				CLANG_WARN_INT_CONVERSION = YES;
				CLANG_WARN_NON_LITERAL_NULL_CONVERSION = YES;
				CLANG_WARN_OBJC_IMPLICIT_RETAIN_SELF = YES;
				CLANG_WARN_OBJC_LITERAL_CONVERSION = YES;
				CLANG_WARN_OBJC_ROOT_CLASS = YES_ERROR;
				CLANG_WARN_RANGE_LOOP_ANALYSIS = YES;
				CLANG_WARN_STRICT_PROTOTYPES = YES;
				CLANG_WARN_SUSPICIOUS_MOVE = YES;
				CLANG_WARN_UNGUARDED_AVAILABILITY = YES_AGGRESSIVE;
				CLANG_WARN_UNREACHABLE_CODE = YES;
				CLANG_WARN__DUPLICATE_METHOD_MATCH = YES;
				COPY_PHASE_STRIP = NO;
				DEBUG_INFORMATION_FORMAT = dwarf;
				ENABLE_STRICT_OBJC_MSGSEND = YES;
				ENABLE_TESTABILITY = YES;
				GCC_C_LANGUAGE_STANDARD = gnu11;
				GCC_DYNAMIC_NO_PIC = NO;
				GCC_NO_COMMON_BLOCKS = YES;
				GCC_OPTIMIZATION_LEVEL = 0;
				GCC_PREPROCESSOR_DEFINITIONS = (
					"DEBUG=1",
					"$(inherited)",
				);
				GCC_WARN_64_TO_32_BIT_CONVERSION = YES;
				GCC_WARN_ABOUT_RETURN_TYPE = YES_ERROR;
				GCC_WARN_UNDECLARED_SELECTOR = YES;
				GCC_WARN_UNINITIALIZED_AUTOS = YES_AGGRESSIVE;
				GCC_WARN_UNUSED_FUNCTION = YES;
				GCC_WARN_UNUSED_VARIABLE = YES;
				IPHONEOS_DEPLOYMENT_TARGET = 13.4;
				MTL_ENABLE_DEBUG_INFO = INCLUDE_SOURCE;
				MTL_FAST_MATH = YES;
				ONLY_ACTIVE_ARCH = YES;
				SDKROOT = iphoneos;
				SWIFT_ACTIVE_COMPILATION_CONDITIONS = DEBUG;
				SWIFT_OPTIMIZATION_LEVEL = "-Onone";
			};
			name = Debug;
		};
		1FF16C392445D392006548CA /* Release */ = {
			isa = XCBuildConfiguration;
			buildSettings = {
				ALWAYS_SEARCH_USER_PATHS = NO;
				CLANG_ANALYZER_NONNULL = YES;
				CLANG_ANALYZER_NUMBER_OBJECT_CONVERSION = YES_AGGRESSIVE;
				CLANG_CXX_LANGUAGE_STANDARD = "gnu++14";
				CLANG_CXX_LIBRARY = "libc++";
				CLANG_ENABLE_MODULES = YES;
				CLANG_ENABLE_OBJC_ARC = YES;
				CLANG_ENABLE_OBJC_WEAK = YES;
				CLANG_WARN_BLOCK_CAPTURE_AUTORELEASING = YES;
				CLANG_WARN_BOOL_CONVERSION = YES;
				CLANG_WARN_COMMA = YES;
				CLANG_WARN_CONSTANT_CONVERSION = YES;
				CLANG_WARN_DEPRECATED_OBJC_IMPLEMENTATIONS = YES;
				CLANG_WARN_DIRECT_OBJC_ISA_USAGE = YES_ERROR;
				CLANG_WARN_DOCUMENTATION_COMMENTS = YES;
				CLANG_WARN_EMPTY_BODY = YES;
				CLANG_WARN_ENUM_CONVERSION = YES;
				CLANG_WARN_INFINITE_RECURSION = YES;
				CLANG_WARN_INT_CONVERSION = YES;
				CLANG_WARN_NON_LITERAL_NULL_CONVERSION = YES;
				CLANG_WARN_OBJC_IMPLICIT_RETAIN_SELF = YES;
				CLANG_WARN_OBJC_LITERAL_CONVERSION = YES;
				CLANG_WARN_OBJC_ROOT_CLASS = YES_ERROR;
				CLANG_WARN_RANGE_LOOP_ANALYSIS = YES;
				CLANG_WARN_STRICT_PROTOTYPES = YES;
				CLANG_WARN_SUSPICIOUS_MOVE = YES;
				CLANG_WARN_UNGUARDED_AVAILABILITY = YES_AGGRESSIVE;
				CLANG_WARN_UNREACHABLE_CODE = YES;
				CLANG_WARN__DUPLICATE_METHOD_MATCH = YES;
				COPY_PHASE_STRIP = NO;
				DEBUG_INFORMATION_FORMAT = "dwarf-with-dsym";
				ENABLE_NS_ASSERTIONS = NO;
				ENABLE_STRICT_OBJC_MSGSEND = YES;
				GCC_C_LANGUAGE_STANDARD = gnu11;
				GCC_NO_COMMON_BLOCKS = YES;
				GCC_WARN_64_TO_32_BIT_CONVERSION = YES;
				GCC_WARN_ABOUT_RETURN_TYPE = YES_ERROR;
				GCC_WARN_UNDECLARED_SELECTOR = YES;
				GCC_WARN_UNINITIALIZED_AUTOS = YES_AGGRESSIVE;
				GCC_WARN_UNUSED_FUNCTION = YES;
				GCC_WARN_UNUSED_VARIABLE = YES;
				IPHONEOS_DEPLOYMENT_TARGET = 13.4;
				MTL_ENABLE_DEBUG_INFO = NO;
				MTL_FAST_MATH = YES;
				SDKROOT = iphoneos;
				SWIFT_COMPILATION_MODE = wholemodule;
				SWIFT_OPTIMIZATION_LEVEL = "-O";
				VALIDATE_PRODUCT = YES;
			};
			name = Release;
		};
		1FF16C3B2445D392006548CA /* Debug */ = {
			isa = XCBuildConfiguration;
			baseConfigurationReference = CC264E62951AE5E9FB66F676 /* Pods-Smack.debug.xcconfig */;
			buildSettings = {
				ASSETCATALOG_COMPILER_APPICON_NAME = AppIcon;
				CLANG_ENABLE_MODULES = YES;
				CODE_SIGN_STYLE = Automatic;
				DEVELOPMENT_TEAM = 7D6T3D8V5A;
				INFOPLIST_FILE = Smack/Info.plist;
				LD_RUNPATH_SEARCH_PATHS = (
					"$(inherited)",
					"@executable_path/Frameworks",
				);
				PRODUCT_BUNDLE_IDENTIFIER = com.raivis.Smack;
				PRODUCT_NAME = "$(TARGET_NAME)";
				SWIFT_OBJC_BRIDGING_HEADER = "Smack/Helpers/Smack-Bridging-Header.h";
				SWIFT_OPTIMIZATION_LEVEL = "-Onone";
				SWIFT_VERSION = 5.0;
				TARGETED_DEVICE_FAMILY = "1,2";
			};
			name = Debug;
		};
		1FF16C3C2445D392006548CA /* Release */ = {
			isa = XCBuildConfiguration;
			baseConfigurationReference = E1DD1122B562694DE3E53FDF /* Pods-Smack.release.xcconfig */;
			buildSettings = {
				ASSETCATALOG_COMPILER_APPICON_NAME = AppIcon;
				CLANG_ENABLE_MODULES = YES;
				CODE_SIGN_STYLE = Automatic;
				DEVELOPMENT_TEAM = 7D6T3D8V5A;
				INFOPLIST_FILE = Smack/Info.plist;
				LD_RUNPATH_SEARCH_PATHS = (
					"$(inherited)",
					"@executable_path/Frameworks",
				);
				PRODUCT_BUNDLE_IDENTIFIER = com.raivis.Smack;
				PRODUCT_NAME = "$(TARGET_NAME)";
				SWIFT_OBJC_BRIDGING_HEADER = "Smack/Helpers/Smack-Bridging-Header.h";
				SWIFT_VERSION = 5.0;
				TARGETED_DEVICE_FAMILY = "1,2";
			};
			name = Release;
		};
/* End XCBuildConfiguration section */

/* Begin XCConfigurationList section */
		1FF16C212445D390006548CA /* Build configuration list for PBXProject "Smack" */ = {
			isa = XCConfigurationList;
			buildConfigurations = (
				1FF16C382445D392006548CA /* Debug */,
				1FF16C392445D392006548CA /* Release */,
			);
			defaultConfigurationIsVisible = 0;
			defaultConfigurationName = Release;
		};
		1FF16C3A2445D392006548CA /* Build configuration list for PBXNativeTarget "Smack" */ = {
			isa = XCConfigurationList;
			buildConfigurations = (
				1FF16C3B2445D392006548CA /* Debug */,
				1FF16C3C2445D392006548CA /* Release */,
			);
			defaultConfigurationIsVisible = 0;
			defaultConfigurationName = Release;
		};
/* End XCConfigurationList section */
	};
	rootObject = 1FF16C1E2445D390006548CA /* Project object */;
}
